
Microsoft Visual Studio Solution File, Format Version 12.00
# Visual Studio 2013
VisualStudioVersion = 12.0.40629.0
MinimumVisualStudioVersion = 10.0.40219.1
Project("{FAE04EC0-301F-11D3-BF4B-00C04F79EFBC}") = "UcakSavarOyunu.Desktop", "UcakSavarOyunu.Desktop\UcakSavarOyunu.Desktop.csproj", "{DF9EC284-E39D-40FE-BC4D-70F812C91161}"
EndProject
Project("{FAE04EC0-301F-11D3-BF4B-00C04F79EFBC}") = "UcakSavar.Library", "UcakSavar.Library\UcakSavar.Library.csproj", "{4A36D4D6-AD37-4883-9F55-07AF59A2F6F9}"
EndProject
Global
	GlobalSection(SolutionConfigurationPlatforms) = preSolution
		Debug|Any CPU = Debug|Any CPU
		Release|Any CPU = Release|Any CPU
	EndGlobalSection
	GlobalSection(ProjectConfigurationPlatforms) = postSolution
		{DF9EC284-E39D-40FE-BC4D-70F812C91161}.Debug|Any CPU.ActiveCfg = Debug|Any CPU
		{DF9EC284-E39D-40FE-BC4D-70F812C91161}.Debug|Any CPU.Build.0 = Debug|Any CPU
		{DF9EC284-E39D-40FE-BC4D-70F812C91161}.Release|Any CPU.ActiveCfg = Release|Any CPU
		{DF9EC284-E39D-40FE-BC4D-70F812C91161}.Release|Any CPU.Build.0 = Release|Any CPU
		{4A36D4D6-AD37-4883-9F55-07AF59A2F6F9}.Debug|Any CPU.ActiveCfg = Debug|Any CPU
		{4A36D4D6-AD37-4883-9F55-07AF59A2F6F9}.Debug|Any CPU.Build.0 = Debug|Any CPU
		{4A36D4D6-AD37-4883-9F55-07AF59A2F6F9}.Release|Any CPU.ActiveCfg = Release|Any CPU
		{4A36D4D6-AD37-4883-9F55-07AF59A2F6F9}.Release|Any CPU.Build.0 = Release|Any CPU
	EndGlobalSection
	GlobalSection(SolutionProperties) = preSolution
		HideSolutionNode = FALSE
	EndGlobalSection
EndGlobal
